
Microsoft Visual Studio Solution File, Format Version 12.00
# Visual Studio Version 17
VisualStudioVersion = 17.14.36518.9 d17.14
MinimumVisualStudioVersion = 10.0.40219.1
Project("{FAE04EC0-301F-11D3-BF4B-00C04F79EFBC}") = "Lab7CSharp", "Lab7CSharp\Lab7CSharp.csproj", "{2BA9121A-13AF-4D75-98AF-764A80B06430}"
EndProject
Global
	GlobalSection(SolutionConfigurationPlatforms) = preSolution
		Debug|Any CPU = Debug|Any CPU
		Release|Any CPU = Release|Any CPU
	EndGlobalSection
	GlobalSection(ProjectConfigurationPlatforms) = postSolution
		{2BA9121A-13AF-4D75-98AF-764A80B06430}.Debug|Any CPU.ActiveCfg = Debug|Any CPU
		{2BA9121A-13AF-4D75-98AF-764A80B06430}.Debug|Any CPU.Build.0 = Debug|Any CPU
		{2BA9121A-13AF-4D75-98AF-764A80B06430}.Release|Any CPU.ActiveCfg = Release|Any CPU
		{2BA9121A-13AF-4D75-98AF-764A80B06430}.Release|Any CPU.Build.0 = Release|Any CPU
	EndGlobalSection
	GlobalSection(SolutionProperties) = preSolution
		HideSolutionNode = FALSE
	EndGlobalSection
	GlobalSection(ExtensibilityGlobals) = postSolution
		SolutionGuid = {576B3B76-837F-477D-8514-B0F45C223380}
	EndGlobalSection
EndGlobal
